
Microsoft Visual Studio Solution File, Format Version 12.00
# Visual Studio Version 17
VisualStudioVersion = 17.11.35431.28
MinimumVisualStudioVersion = 10.0.40219.1
Project("{FAE04EC0-301F-11D3-BF4B-00C04F79EFBC}") = "Ispit.API", "Ispit.API\Ispit.API.csproj", "{0FCAB76E-B36F-40B7-A99C-DE05845720B8}"
EndProject
Global
	GlobalSection(SolutionConfigurationPlatforms) = preSolution
		Debug|Any CPU = Debug|Any CPU
		Release|Any CPU = Release|Any CPU
	EndGlobalSection
	GlobalSection(ProjectConfigurationPlatforms) = postSolution
		{0FCAB76E-B36F-40B7-A99C-DE05845720B8}.Debug|Any CPU.ActiveCfg = Debug|Any CPU
		{0FCAB76E-B36F-40B7-A99C-DE05845720B8}.Debug|Any CPU.Build.0 = Debug|Any CPU
		{0FCAB76E-B36F-40B7-A99C-DE05845720B8}.Release|Any CPU.ActiveCfg = Release|Any CPU
		{0FCAB76E-B36F-40B7-A99C-DE05845720B8}.Release|Any CPU.Build.0 = Release|Any CPU
	EndGlobalSection
	GlobalSection(SolutionProperties) = preSolution
		HideSolutionNode = FALSE
	EndGlobalSection
	GlobalSection(ExtensibilityGlobals) = postSolution
		SolutionGuid = {4FED9E3C-5A2F-4EB9-808B-5C3421F82CFE}
	EndGlobalSection
EndGlobal
